// !$*UTF8*$!
{
	archiveVersion = 1;
	classes = {
	};
	objectVersion = 50;
	objects = {

/* Begin PBXBuildFile section */
		84055938264DB9C6001943CA /* AppDelegate.swift in Sources */ = {isa = PBXBuildFile; fileRef = 84055937264DB9C6001943CA /* AppDelegate.swift */; };
		8405593A264DB9C6001943CA /* SceneDelegate.swift in Sources */ = {isa = PBXBuildFile; fileRef = 84055939264DB9C6001943CA /* SceneDelegate.swift */; };
		8405593F264DB9C6001943CA /* Main.storyboard in Resources */ = {isa = PBXBuildFile; fileRef = 8405593D264DB9C6001943CA /* Main.storyboard */; };
		84055942264DB9C6001943CA /* Todo_CoreData.xcdatamodeld in Sources */ = {isa = PBXBuildFile; fileRef = 84055940264DB9C6001943CA /* Todo_CoreData.xcdatamodeld */; };
		84055944264DB9C7001943CA /* Assets.xcassets in Resources */ = {isa = PBXBuildFile; fileRef = 84055943264DB9C7001943CA /* Assets.xcassets */; };
		84055947264DB9C7001943CA /* LaunchScreen.storyboard in Resources */ = {isa = PBXBuildFile; fileRef = 84055945264DB9C7001943CA /* LaunchScreen.storyboard */; };
		84055950264DBA16001943CA /* .gitignore in Resources */ = {isa = PBXBuildFile; fileRef = 8405594F264DBA16001943CA /* .gitignore */; };
		84055954264DBD6B001943CA /* TableViewController.swift in Sources */ = {isa = PBXBuildFile; fileRef = 84055953264DBD6B001943CA /* TableViewController.swift */; };
/* End PBXBuildFile section */

/* Begin PBXFileReference section */
		84055934264DB9C6001943CA /* Todo-CoreData.app */ = {isa = PBXFileReference; explicitFileType = wrapper.application; includeInIndex = 0; path = "Todo-CoreData.app"; sourceTree = BUILT_PRODUCTS_DIR; };
		84055937264DB9C6001943CA /* AppDelegate.swift */ = {isa = PBXFileReference; lastKnownFileType = sourcecode.swift; path = AppDelegate.swift; sourceTree = "<group>"; };
		84055939264DB9C6001943CA /* SceneDelegate.swift */ = {isa = PBXFileReference; lastKnownFileType = sourcecode.swift; path = SceneDelegate.swift; sourceTree = "<group>"; };
		8405593E264DB9C6001943CA /* Base */ = {isa = PBXFileReference; lastKnownFileType = file.storyboard; name = Base; path = Base.lproj/Main.storyboard; sourceTree = "<group>"; };
		84055941264DB9C6001943CA /* Todo_CoreData.xcdatamodel */ = {isa = PBXFileReference; lastKnownFileType = wrapper.xcdatamodel; path = Todo_CoreData.xcdatamodel; sourceTree = "<group>"; };
		84055943264DB9C7001943CA /* Assets.xcassets */ = {isa = PBXFileReference; lastKnownFileType = folder.assetcatalog; path = Assets.xcassets; sourceTree = "<group>"; };
		84055946264DB9C7001943CA /* Base */ = {isa = PBXFileReference; lastKnownFileType = file.storyboard; name = Base; path = Base.lproj/LaunchScreen.storyboard; sourceTree = "<group>"; };
		84055948264DB9C7001943CA /* Info.plist */ = {isa = PBXFileReference; lastKnownFileType = text.plist.xml; path = Info.plist; sourceTree = "<group>"; };
		8405594F264DBA16001943CA /* .gitignore */ = {isa = PBXFileReference; lastKnownFileType = text; path = .gitignore; sourceTree = "<group>"; };
		84055953264DBD6B001943CA /* TableViewController.swift */ = {isa = PBXFileReference; lastKnownFileType = sourcecode.swift; path = TableViewController.swift; sourceTree = "<group>"; };
/* End PBXFileReference section */

/* Begin PBXFrameworksBuildPhase section */
		84055931264DB9C6001943CA /* Frameworks */ = {
			isa = PBXFrameworksBuildPhase;
			buildActionMask = 2147483647;
			files = (
			);
			runOnlyForDeploymentPostprocessing = 0;
		};
/* End PBXFrameworksBuildPhase section */

/* Begin PBXGroup section */
		8405592B264DB9C6001943CA = {
			isa = PBXGroup;
			children = (
				8405594F264DBA16001943CA /* .gitignore */,
				84055936264DB9C6001943CA /* Todo-CoreData */,
				84055935264DB9C6001943CA /* Products */,
			);
			sourceTree = "<group>";
		};
		84055935264DB9C6001943CA /* Products */ = {
			isa = PBXGroup;
			children = (
				84055934264DB9C6001943CA /* Todo-CoreData.app */,
			);
			name = Products;
			sourceTree = "<group>";
		};
		84055936264DB9C6001943CA /* Todo-CoreData */ = {
			isa = PBXGroup;
			children = (
				84055937264DB9C6001943CA /* AppDelegate.swift */,
				84055939264DB9C6001943CA /* SceneDelegate.swift */,
				84055953264DBD6B001943CA /* TableViewController.swift */,
				8405593D264DB9C6001943CA /* Main.storyboard */,
				84055943264DB9C7001943CA /* Assets.xcassets */,
				84055945264DB9C7001943CA /* LaunchScreen.storyboard */,
				84055948264DB9C7001943CA /* Info.plist */,
				84055940264DB9C6001943CA /* Todo_CoreData.xcdatamodeld */,
			);
			path = "Todo-CoreData";
			sourceTree = "<group>";
		};
/* End PBXGroup section */

/* Begin PBXNativeTarget section */
		84055933264DB9C6001943CA /* Todo-CoreData */ = {
			isa = PBXNativeTarget;
			buildConfigurationList = 8405594B264DB9C7001943CA /* Build configuration list for PBXNativeTarget "Todo-CoreData" */;
			buildPhases = (
				84055930264DB9C6001943CA /* Sources */,
				84055931264DB9C6001943CA /* Frameworks */,
				84055932264DB9C6001943CA /* Resources */,
			);
			buildRules = (
			);
			dependencies = (
			);
			name = "Todo-CoreData";
			productName = "Todo-CoreData";
			productReference = 84055934264DB9C6001943CA /* Todo-CoreData.app */;
			productType = "com.apple.product-type.application";
		};
/* End PBXNativeTarget section */

/* Begin PBXProject section */
		8405592C264DB9C6001943CA /* Project object */ = {
			isa = PBXProject;
			attributes = {
				LastSwiftUpdateCheck = 1240;
				LastUpgradeCheck = 1240;
				TargetAttributes = {
					84055933264DB9C6001943CA = {
						CreatedOnToolsVersion = 12.4;
					};
				};
			};
			buildConfigurationList = 8405592F264DB9C6001943CA /* Build configuration list for PBXProject "Todo-CoreData" */;
			compatibilityVersion = "Xcode 9.3";
			developmentRegion = en;
			hasScannedForEncodings = 0;
			knownRegions = (
				en,
				Base,
			);
			mainGroup = 8405592B264DB9C6001943CA;
			productRefGroup = 84055935264DB9C6001943CA /* Products */;
			projectDirPath = "";
			projectRoot = "";
			targets = (
				84055933264DB9C6001943CA /* Todo-CoreData */,
			);
		};
/* End PBXProject section */

/* Begin PBXResourcesBuildPhase section */
		84055932264DB9C6001943CA /* Resources */ = {
			isa = PBXResourcesBuildPhase;
			buildActionMask = 2147483647;
			files = (
				84055950264DBA16001943CA /* .gitignore in Resources */,
				84055947264DB9C7001943CA /* LaunchScreen.storyboard in Resources */,
				84055944264DB9C7001943CA /* Assets.xcassets in Resources */,
				8405593F264DB9C6001943CA /* Main.storyboard in Resources */,
			);
			runOnlyForDeploymentPostprocessing = 0;
		};
/* End PBXResourcesBuildPhase section */

/* Begin PBXSourcesBuildPhase section */
		84055930264DB9C6001943CA /* Sources */ = {
			isa = PBXSourcesBuildPhase;
			buildActionMask = 2147483647;
			files = (
				84055938264DB9C6001943CA /* AppDelegate.swift in Sources */,
				84055942264DB9C6001943CA /* Todo_CoreData.xcdatamodeld in Sources */,
				8405593A264DB9C6001943CA /* SceneDelegate.swift in Sources */,
				84055954264DBD6B001943CA /* TableViewController.swift in Sources */,
			);
			runOnlyForDeploymentPostprocessing = 0;
		};
/* End PBXSourcesBuildPhase section */

/* Begin PBXVariantGroup section */
		8405593D264DB9C6001943CA /* Main.storyboard */ = {
			isa = PBXVariantGroup;
			children = (
				8405593E264DB9C6001943CA /* Base */,
			);
			name = Main.storyboard;
			sourceTree = "<group>";
		};
		84055945264DB9C7001943CA /* LaunchScreen.storyboard */ = {
			isa = PBXVariantGroup;
			children = (
				84055946264DB9C7001943CA /* Base */,
			);
			name = LaunchScreen.storyboard;
			sourceTree = "<group>";
		};
/* End PBXVariantGroup section */

/* Begin XCBuildConfiguration section */
		84055949264DB9C7001943CA /* Debug */ = {
			isa = XCBuildConfiguration;
			buildSettings = {
				ALWAYS_SEARCH_USER_PATHS = NO;
				CLANG_ANALYZER_NONNULL = YES;
				CLANG_ANALYZER_NUMBER_OBJECT_CONVERSION = YES_AGGRESSIVE;
				CLANG_CXX_LANGUAGE_STANDARD = "gnu++14";
				CLANG_CXX_LIBRARY = "libc++";
				CLANG_ENABLE_MODULES = YES;
				CLANG_ENABLE_OBJC_ARC = YES;
				CLANG_ENABLE_OBJC_WEAK = YES;
				CLANG_WARN_BLOCK_CAPTURE_AUTORELEASING = YES;
				CLANG_WARN_BOOL_CONVERSION = YES;
				CLANG_WARN_COMMA = YES;
				CLANG_WARN_CONSTANT_CONVERSION = YES;
				CLANG_WARN_DEPRECATED_OBJC_IMPLEMENTATIONS = YES;
				CLANG_WARN_DIRECT_OBJC_ISA_USAGE = YES_ERROR;
				CLANG_WARN_DOCUMENTATION_COMMENTS = YES;
				CLANG_WARN_EMPTY_BODY = YES;
				CLANG_WARN_ENUM_CONVERSION = YES;
				CLANG_WARN_INFINITE_RECURSION = YES;
				CLANG_WARN_INT_CONVERSION = YES;
				CLANG_WARN_NON_LITERAL_NULL_CONVERSION = YES;
				CLANG_WARN_OBJC_IMPLICIT_RETAIN_SELF = YES;
				CLANG_WARN_OBJC_LITERAL_CONVERSION = YES;
				CLANG_WARN_OBJC_ROOT_CLASS = YES_ERROR;
				CLANG_WARN_QUOTED_INCLUDE_IN_FRAMEWORK_HEADER = YES;
				CLANG_WARN_RANGE_LOOP_ANALYSIS = YES;
				CLANG_WARN_STRICT_PROTOTYPES = YES;
				CLANG_WARN_SUSPICIOUS_MOVE = YES;
				CLANG_WARN_UNGUARDED_AVAILABILITY = YES_AGGRESSIVE;
				CLANG_WARN_UNREACHABLE_CODE = YES;
				CLANG_WARN__DUPLICATE_METHOD_MATCH = YES;
				COPY_PHASE_STRIP = NO;
				DEBUG_INFORMATION_FORMAT = dwarf;
				ENABLE_STRICT_OBJC_MSGSEND = YES;
				ENABLE_TESTABILITY = YES;
				GCC_C_LANGUAGE_STANDARD = gnu11;
				GCC_DYNAMIC_NO_PIC = NO;
				GCC_NO_COMMON_BLOCKS = YES;
				GCC_OPTIMIZATION_LEVEL = 0;
				GCC_PREPROCESSOR_DEFINITIONS = (
					"DEBUG=1",
					"$(inherited)",
				);
				GCC_WARN_64_TO_32_BIT_CONVERSION = YES;
				GCC_WARN_ABOUT_RETURN_TYPE = YES_ERROR;
				GCC_WARN_UNDECLARED_SELECTOR = YES;
				GCC_WARN_UNINITIALIZED_AUTOS = YES_AGGRESSIVE;
				GCC_WARN_UNUSED_FUNCTION = YES;
				GCC_WARN_UNUSED_VARIABLE = YES;
				IPHONEOS_DEPLOYMENT_TARGET = 14.4;
				MTL_ENABLE_DEBUG_INFO = INCLUDE_SOURCE;
				MTL_FAST_MATH = YES;
				ONLY_ACTIVE_ARCH = YES;
				SDKROOT = iphoneos;
				SWIFT_ACTIVE_COMPILATION_CONDITIONS = DEBUG;
				SWIFT_OPTIMIZATION_LEVEL = "-Onone";
			};
			name = Debug;
		};
		8405594A264DB9C7001943CA /* Release */ = {
			isa = XCBuildConfiguration;
			buildSettings = {
				ALWAYS_SEARCH_USER_PATHS = NO;
				CLANG_ANALYZER_NONNULL = YES;
				CLANG_ANALYZER_NUMBER_OBJECT_CONVERSION = YES_AGGRESSIVE;
				CLANG_CXX_LANGUAGE_STANDARD = "gnu++14";
				CLANG_CXX_LIBRARY = "libc++";
				CLANG_ENABLE_MODULES = YES;
				CLANG_ENABLE_OBJC_ARC = YES;
				CLANG_ENABLE_OBJC_WEAK = YES;
				CLANG_WARN_BLOCK_CAPTURE_AUTORELEASING = YES;
				CLANG_WARN_BOOL_CONVERSION = YES;
				CLANG_WARN_COMMA = YES;
				CLANG_WARN_CONSTANT_CONVERSION = YES;
				CLANG_WARN_DEPRECATED_OBJC_IMPLEMENTATIONS = YES;
				CLANG_WARN_DIRECT_OBJC_ISA_USAGE = YES_ERROR;
				CLANG_WARN_DOCUMENTATION_COMMENTS = YES;
				CLANG_WARN_EMPTY_BODY = YES;
				CLANG_WARN_ENUM_CONVERSION = YES;
				CLANG_WARN_INFINITE_RECURSION = YES;
				CLANG_WARN_INT_CONVERSION = YES;
				CLANG_WARN_NON_LITERAL_NULL_CONVERSION = YES;
				CLANG_WARN_OBJC_IMPLICIT_RETAIN_SELF = YES;
				CLANG_WARN_OBJC_LITERAL_CONVERSION = YES;
				CLANG_WARN_OBJC_ROOT_CLASS = YES_ERROR;
				CLANG_WARN_QUOTED_INCLUDE_IN_FRAMEWORK_HEADER = YES;
				CLANG_WARN_RANGE_LOOP_ANALYSIS = YES;
				CLANG_WARN_STRICT_PROTOTYPES = YES;
				CLANG_WARN_SUSPICIOUS_MOVE = YES;
				CLANG_WARN_UNGUARDED_AVAILABILITY = YES_AGGRESSIVE;
				CLANG_WARN_UNREACHABLE_CODE = YES;
				CLANG_WARN__DUPLICATE_METHOD_MATCH = YES;
				COPY_PHASE_STRIP = NO;
				DEBUG_INFORMATION_FORMAT = "dwarf-with-dsym";
				ENABLE_NS_ASSERTIONS = NO;
				ENABLE_STRICT_OBJC_MSGSEND = YES;
				GCC_C_LANGUAGE_STANDARD = gnu11;
				GCC_NO_COMMON_BLOCKS = YES;
				GCC_WARN_64_TO_32_BIT_CONVERSION = YES;
				GCC_WARN_ABOUT_RETURN_TYPE = YES_ERROR;
				GCC_WARN_UNDECLARED_SELECTOR = YES;
				GCC_WARN_UNINITIALIZED_AUTOS = YES_AGGRESSIVE;
				GCC_WARN_UNUSED_FUNCTION = YES;
				GCC_WARN_UNUSED_VARIABLE = YES;
				IPHONEOS_DEPLOYMENT_TARGET = 14.4;
				MTL_ENABLE_DEBUG_INFO = NO;
				MTL_FAST_MATH = YES;
				SDKROOT = iphoneos;
				SWIFT_COMPILATION_MODE = wholemodule;
				SWIFT_OPTIMIZATION_LEVEL = "-O";
				VALIDATE_PRODUCT = YES;
			};
			name = Release;
		};
		8405594C264DB9C7001943CA /* Debug */ = {
			isa = XCBuildConfiguration;
			buildSettings = {
				ASSETCATALOG_COMPILER_APPICON_NAME = AppIcon;
				ASSETCATALOG_COMPILER_GLOBAL_ACCENT_COLOR_NAME = AccentColor;
				CODE_SIGN_STYLE = Automatic;
				DEVELOPMENT_TEAM = 2A8DD4UP4B;
				INFOPLIST_FILE = "Todo-CoreData/Info.plist";
				LD_RUNPATH_SEARCH_PATHS = (
					"$(inherited)",
					"@executable_path/Frameworks",
				);
				MARKETING_VERSION = 1.1;
				PRODUCT_BUNDLE_IDENTIFIER = "DanShein.Todo-CoreData";
				PRODUCT_NAME = "$(TARGET_NAME)";
				SWIFT_VERSION = 5.0;
				TARGETED_DEVICE_FAMILY = "1,2";
			};
			name = Debug;
		};
		8405594D264DB9C7001943CA /* Release */ = {
			isa = XCBuildConfiguration;
			buildSettings = {
				ASSETCATALOG_COMPILER_APPICON_NAME = AppIcon;
				ASSETCATALOG_COMPILER_GLOBAL_ACCENT_COLOR_NAME = AccentColor;
				CODE_SIGN_STYLE = Automatic;
				DEVELOPMENT_TEAM = 2A8DD4UP4B;
				INFOPLIST_FILE = "Todo-CoreData/Info.plist";
				LD_RUNPATH_SEARCH_PATHS = (
					"$(inherited)",
					"@executable_path/Frameworks",
				);
				MARKETING_VERSION = 1.1;
				PRODUCT_BUNDLE_IDENTIFIER = "DanShein.Todo-CoreData";
				PRODUCT_NAME = "$(TARGET_NAME)";
				SWIFT_VERSION = 5.0;
				TARGETED_DEVICE_FAMILY = "1,2";
			};
			name = Release;
		};
/* End XCBuildConfiguration section */

/* Begin XCConfigurationList section */
		8405592F264DB9C6001943CA /* Build configuration list for PBXProject "Todo-CoreData" */ = {
			isa = XCConfigurationList;
			buildConfigurations = (
				84055949264DB9C7001943CA /* Debug */,
				8405594A264DB9C7001943CA /* Release */,
			);
			defaultConfigurationIsVisible = 0;
			defaultConfigurationName = Release;
		};
		8405594B264DB9C7001943CA /* Build configuration list for PBXNativeTarget "Todo-CoreData" */ = {
			isa = XCConfigurationList;
			buildConfigurations = (
				8405594C264DB9C7001943CA /* Debug */,
				8405594D264DB9C7001943CA /* Release */,
			);
			defaultConfigurationIsVisible = 0;
			defaultConfigurationName = Release;
		};
/* End XCConfigurationList section */

/* Begin XCVersionGroup section */
		84055940264DB9C6001943CA /* Todo_CoreData.xcdatamodeld */ = {
			isa = XCVersionGroup;
			children = (
				84055941264DB9C6001943CA /* Todo_CoreData.xcdatamodel */,
			);
			currentVersion = 84055941264DB9C6001943CA /* Todo_CoreData.xcdatamodel */;
			path = Todo_CoreData.xcdatamodeld;
			sourceTree = "<group>";
			versionGroupType = wrapper.xcdatamodel;
		};
/* End XCVersionGroup section */
	};
	rootObject = 8405592C264DB9C6001943CA /* Project object */;
}
